{
  "name": "node-red-contrib-wlmio",
  "version": "1.0.0",
  "lockfileVersion": 1,
  "requires": true,
  "dependencies": {
    "wlmiojs": {
      "version": "1.0.0",
      "resolved": "https://registry.npmjs.org/wlmiojs/-/wlmiojs-1.0.0.tgz",
      "integrity": "sha512-S9wLiUkNw4OeH9lKM4aKDpdNY3VSHmgRa27nNwi/tAXNixBBSPeZX5Mjus7mOCx2jz8Er4bK0/Q2yVsTFGOpRw=="
    }
  }
}
